// !$*UTF8*$!
{
	archiveVersion = 1;
	classes = {
	};
	objectVersion = 50;
	objects = {

/* Begin PBXBuildFile section */
		CF00A65B240328CB00AA780D /* AppDelegate.swift in Sources */ = {isa = PBXBuildFile; fileRef = CF00A65A240328CB00AA780D /* AppDelegate.swift */; };
		CF00A65D240328CB00AA780D /* SceneDelegate.swift in Sources */ = {isa = PBXBuildFile; fileRef = CF00A65C240328CB00AA780D /* SceneDelegate.swift */; };
		CF00A65F240328CB00AA780D /* MainVC.swift in Sources */ = {isa = PBXBuildFile; fileRef = CF00A65E240328CB00AA780D /* MainVC.swift */; };
		CF00A662240328CB00AA780D /* Main.storyboard in Resources */ = {isa = PBXBuildFile; fileRef = CF00A660240328CB00AA780D /* Main.storyboard */; };
		CF00A664240328CD00AA780D /* Assets.xcassets in Resources */ = {isa = PBXBuildFile; fileRef = CF00A663240328CD00AA780D /* Assets.xcassets */; };
		CF00A667240328CD00AA780D /* LaunchScreen.storyboard in Resources */ = {isa = PBXBuildFile; fileRef = CF00A665240328CD00AA780D /* LaunchScreen.storyboard */; };
		CF02CCEF2690B008000EA634 /* CalculatorLabel.swift in Sources */ = {isa = PBXBuildFile; fileRef = CF02CCEE2690B008000EA634 /* CalculatorLabel.swift */; };
		CF02CCF12690BDE1000EA634 /* BackgroundLabel.swift in Sources */ = {isa = PBXBuildFile; fileRef = CF02CCF02690BDE1000EA634 /* BackgroundLabel.swift */; };
		CF02CCF32690BF17000EA634 /* BaseView.swift in Sources */ = {isa = PBXBuildFile; fileRef = CF02CCF22690BF17000EA634 /* BaseView.swift */; };
		CF02CCF52690C018000EA634 /* ColorSwatch.swift in Sources */ = {isa = PBXBuildFile; fileRef = CF02CCF42690C018000EA634 /* ColorSwatch.swift */; };
		CF6BCD442693A8F3000BC597 /* ConverterHelper.swift in Sources */ = {isa = PBXBuildFile; fileRef = CF6BCD432693A8F3000BC597 /* ConverterHelper.swift */; };
		CF79A8D2268BD520009A5AD6 /* SettingsVC.swift in Sources */ = {isa = PBXBuildFile; fileRef = CF79A8D1268BD520009A5AD6 /* SettingsVC.swift */; };
		CFA6A8402690C67B000D68C4 /* CalculatorButton.swift in Sources */ = {isa = PBXBuildFile; fileRef = CFA6A83F2690C67B000D68C4 /* CalculatorButton.swift */; };
		CFBCE6B6268A883C00058B96 /* RoundedTipHelper.swift in Sources */ = {isa = PBXBuildFile; fileRef = CFBCE6B5268A883C00058B96 /* RoundedTipHelper.swift */; };
		CFD3B2D0242C226C001F1BFF /* waterdrop.wav in Resources */ = {isa = PBXBuildFile; fileRef = CFD3B2CF242C226B001F1BFF /* waterdrop.wav */; };
/* End PBXBuildFile section */

/* Begin PBXFileReference section */
		CF00A657240328CB00AA780D /* Tip Calculator.app */ = {isa = PBXFileReference; explicitFileType = wrapper.application; includeInIndex = 0; path = "Tip Calculator.app"; sourceTree = BUILT_PRODUCTS_DIR; };
		CF00A65A240328CB00AA780D /* AppDelegate.swift */ = {isa = PBXFileReference; lastKnownFileType = sourcecode.swift; path = AppDelegate.swift; sourceTree = "<group>"; };
		CF00A65C240328CB00AA780D /* SceneDelegate.swift */ = {isa = PBXFileReference; lastKnownFileType = sourcecode.swift; path = SceneDelegate.swift; sourceTree = "<group>"; };
		CF00A65E240328CB00AA780D /* MainVC.swift */ = {isa = PBXFileReference; lastKnownFileType = sourcecode.swift; path = MainVC.swift; sourceTree = "<group>"; };
		CF00A661240328CB00AA780D /* Base */ = {isa = PBXFileReference; lastKnownFileType = file.storyboard; name = Base; path = Base.lproj/Main.storyboard; sourceTree = "<group>"; };
		CF00A663240328CD00AA780D /* Assets.xcassets */ = {isa = PBXFileReference; lastKnownFileType = folder.assetcatalog; path = Assets.xcassets; sourceTree = "<group>"; };
		CF00A666240328CD00AA780D /* Base */ = {isa = PBXFileReference; lastKnownFileType = file.storyboard; name = Base; path = Base.lproj/LaunchScreen.storyboard; sourceTree = "<group>"; };
		CF00A668240328CD00AA780D /* Info.plist */ = {isa = PBXFileReference; lastKnownFileType = text.plist.xml; path = Info.plist; sourceTree = "<group>"; };
		CF02CCEE2690B008000EA634 /* CalculatorLabel.swift */ = {isa = PBXFileReference; lastKnownFileType = sourcecode.swift; path = CalculatorLabel.swift; sourceTree = "<group>"; };
		CF02CCF02690BDE1000EA634 /* BackgroundLabel.swift */ = {isa = PBXFileReference; lastKnownFileType = sourcecode.swift; path = BackgroundLabel.swift; sourceTree = "<group>"; };
		CF02CCF22690BF17000EA634 /* BaseView.swift */ = {isa = PBXFileReference; lastKnownFileType = sourcecode.swift; path = BaseView.swift; sourceTree = "<group>"; };
		CF02CCF42690C018000EA634 /* ColorSwatch.swift */ = {isa = PBXFileReference; lastKnownFileType = sourcecode.swift; path = ColorSwatch.swift; sourceTree = "<group>"; };
		CF6BCD432693A8F3000BC597 /* ConverterHelper.swift */ = {isa = PBXFileReference; lastKnownFileType = sourcecode.swift; path = ConverterHelper.swift; sourceTree = "<group>"; };
		CF79A8D1268BD520009A5AD6 /* SettingsVC.swift */ = {isa = PBXFileReference; lastKnownFileType = sourcecode.swift; path = SettingsVC.swift; sourceTree = "<group>"; };
		CFA6A83F2690C67B000D68C4 /* CalculatorButton.swift */ = {isa = PBXFileReference; lastKnownFileType = sourcecode.swift; path = CalculatorButton.swift; sourceTree = "<group>"; };
		CFBCE6B5268A883C00058B96 /* RoundedTipHelper.swift */ = {isa = PBXFileReference; lastKnownFileType = sourcecode.swift; path = RoundedTipHelper.swift; sourceTree = "<group>"; };
		CFD3B2CF242C226B001F1BFF /* waterdrop.wav */ = {isa = PBXFileReference; lastKnownFileType = audio.wav; name = waterdrop.wav; path = Assets.xcassets/waterdrop.wav; sourceTree = "<group>"; };
/* End PBXFileReference section */

/* Begin PBXFrameworksBuildPhase section */
		CF00A654240328CB00AA780D /* Frameworks */ = {
			isa = PBXFrameworksBuildPhase;
			buildActionMask = 2147483647;
			files = (
			);
			runOnlyForDeploymentPostprocessing = 0;
		};
/* End PBXFrameworksBuildPhase section */

/* Begin PBXGroup section */
		CF00A64E240328CB00AA780D = {
			isa = PBXGroup;
			children = (
				CF00A659240328CB00AA780D /* Tip Calculator */,
				CF00A658240328CB00AA780D /* Products */,
			);
			sourceTree = "<group>";
		};
		CF00A658240328CB00AA780D /* Products */ = {
			isa = PBXGroup;
			children = (
				CF00A657240328CB00AA780D /* Tip Calculator.app */,
			);
			name = Products;
			sourceTree = "<group>";
		};
		CF00A659240328CB00AA780D /* Tip Calculator */ = {
			isa = PBXGroup;
			children = (
				CF02CCED2690AFA6000EA634 /* View */,
				CF79A8D0268BD4E3009A5AD6 /* ViewController */,
				CFBCE6B4268A87CE00058B96 /* Model */,
				CF00A65A240328CB00AA780D /* AppDelegate.swift */,
				CF00A65C240328CB00AA780D /* SceneDelegate.swift */,
				CF00A660240328CB00AA780D /* Main.storyboard */,
				CF00A663240328CD00AA780D /* Assets.xcassets */,
				CFD3B2CF242C226B001F1BFF /* waterdrop.wav */,
				CF00A665240328CD00AA780D /* LaunchScreen.storyboard */,
				CF00A668240328CD00AA780D /* Info.plist */,
			);
			path = "Tip Calculator";
			sourceTree = "<group>";
		};
		CF02CCED2690AFA6000EA634 /* View */ = {
			isa = PBXGroup;
			children = (
				CF02CCEE2690B008000EA634 /* CalculatorLabel.swift */,
				CF02CCF02690BDE1000EA634 /* BackgroundLabel.swift */,
				CF02CCF22690BF17000EA634 /* BaseView.swift */,
				CF02CCF42690C018000EA634 /* ColorSwatch.swift */,
				CFA6A83F2690C67B000D68C4 /* CalculatorButton.swift */,
			);
			path = View;
			sourceTree = "<group>";
		};
		CF79A8D0268BD4E3009A5AD6 /* ViewController */ = {
			isa = PBXGroup;
			children = (
				CF00A65E240328CB00AA780D /* MainVC.swift */,
				CF79A8D1268BD520009A5AD6 /* SettingsVC.swift */,
			);
			path = ViewController;
			sourceTree = "<group>";
		};
		CFBCE6B4268A87CE00058B96 /* Model */ = {
			isa = PBXGroup;
			children = (
				CFBCE6B5268A883C00058B96 /* RoundedTipHelper.swift */,
				CF6BCD432693A8F3000BC597 /* ConverterHelper.swift */,
			);
			path = Model;
			sourceTree = "<group>";
		};
/* End PBXGroup section */

/* Begin PBXNativeTarget section */
		CF00A656240328CB00AA780D /* Tip Calculator */ = {
			isa = PBXNativeTarget;
			buildConfigurationList = CF00A66B240328CD00AA780D /* Build configuration list for PBXNativeTarget "Tip Calculator" */;
			buildPhases = (
				CF00A653240328CB00AA780D /* Sources */,
				CF00A654240328CB00AA780D /* Frameworks */,
				CF00A655240328CB00AA780D /* Resources */,
			);
			buildRules = (
			);
			dependencies = (
			);
			name = "Tip Calculator";
			productName = "Tip Calculator";
			productReference = CF00A657240328CB00AA780D /* Tip Calculator.app */;
			productType = "com.apple.product-type.application";
		};
/* End PBXNativeTarget section */

/* Begin PBXProject section */
		CF00A64F240328CB00AA780D /* Project object */ = {
			isa = PBXProject;
			attributes = {
				LastSwiftUpdateCheck = 1130;
				LastUpgradeCheck = 1200;
				ORGANIZATIONNAME = "Shane Talbert";
				TargetAttributes = {
					CF00A656240328CB00AA780D = {
						CreatedOnToolsVersion = 11.3.1;
					};
				};
			};
			buildConfigurationList = CF00A652240328CB00AA780D /* Build configuration list for PBXProject "Tip Calculator" */;
			compatibilityVersion = "Xcode 9.3";
			developmentRegion = en;
			hasScannedForEncodings = 0;
			knownRegions = (
				en,
				Base,
			);
			mainGroup = CF00A64E240328CB00AA780D;
			productRefGroup = CF00A658240328CB00AA780D /* Products */;
			projectDirPath = "";
			projectRoot = "";
			targets = (
				CF00A656240328CB00AA780D /* Tip Calculator */,
			);
		};
/* End PBXProject section */

/* Begin PBXResourcesBuildPhase section */
		CF00A655240328CB00AA780D /* Resources */ = {
			isa = PBXResourcesBuildPhase;
			buildActionMask = 2147483647;
			files = (
				CF00A667240328CD00AA780D /* LaunchScreen.storyboard in Resources */,
				CFD3B2D0242C226C001F1BFF /* waterdrop.wav in Resources */,
				CF00A664240328CD00AA780D /* Assets.xcassets in Resources */,
				CF00A662240328CB00AA780D /* Main.storyboard in Resources */,
			);
			runOnlyForDeploymentPostprocessing = 0;
		};
/* End PBXResourcesBuildPhase section */

/* Begin PBXSourcesBuildPhase section */
		CF00A653240328CB00AA780D /* Sources */ = {
			isa = PBXSourcesBuildPhase;
			buildActionMask = 2147483647;
			files = (
				CF00A65F240328CB00AA780D /* MainVC.swift in Sources */,
				CF00A65B240328CB00AA780D /* AppDelegate.swift in Sources */,
				CF00A65D240328CB00AA780D /* SceneDelegate.swift in Sources */,
				CFBCE6B6268A883C00058B96 /* RoundedTipHelper.swift in Sources */,
				CF02CCF12690BDE1000EA634 /* BackgroundLabel.swift in Sources */,
				CF02CCEF2690B008000EA634 /* CalculatorLabel.swift in Sources */,
				CF79A8D2268BD520009A5AD6 /* SettingsVC.swift in Sources */,
				CF02CCF32690BF17000EA634 /* BaseView.swift in Sources */,
				CF02CCF52690C018000EA634 /* ColorSwatch.swift in Sources */,
				CFA6A8402690C67B000D68C4 /* CalculatorButton.swift in Sources */,
				CF6BCD442693A8F3000BC597 /* ConverterHelper.swift in Sources */,
			);
			runOnlyForDeploymentPostprocessing = 0;
		};
/* End PBXSourcesBuildPhase section */

/* Begin PBXVariantGroup section */
		CF00A660240328CB00AA780D /* Main.storyboard */ = {
			isa = PBXVariantGroup;
			children = (
				CF00A661240328CB00AA780D /* Base */,
			);
			name = Main.storyboard;
			sourceTree = "<group>";
		};
		CF00A665240328CD00AA780D /* LaunchScreen.storyboard */ = {
			isa = PBXVariantGroup;
			children = (
				CF00A666240328CD00AA780D /* Base */,
			);
			name = LaunchScreen.storyboard;
			sourceTree = "<group>";
		};
/* End PBXVariantGroup section */

/* Begin XCBuildConfiguration section */
		CF00A669240328CD00AA780D /* Debug */ = {
			isa = XCBuildConfiguration;
			buildSettings = {
				ALWAYS_SEARCH_USER_PATHS = NO;
				CLANG_ANALYZER_NONNULL = YES;
				CLANG_ANALYZER_NUMBER_OBJECT_CONVERSION = YES_AGGRESSIVE;
				CLANG_CXX_LANGUAGE_STANDARD = "gnu++14";
				CLANG_CXX_LIBRARY = "libc++";
				CLANG_ENABLE_MODULES = YES;
				CLANG_ENABLE_OBJC_ARC = YES;
				CLANG_ENABLE_OBJC_WEAK = YES;
				CLANG_WARN_BLOCK_CAPTURE_AUTORELEASING = YES;
				CLANG_WARN_BOOL_CONVERSION = YES;
				CLANG_WARN_COMMA = YES;
				CLANG_WARN_CONSTANT_CONVERSION = YES;
				CLANG_WARN_DEPRECATED_OBJC_IMPLEMENTATIONS = YES;
				CLANG_WARN_DIRECT_OBJC_ISA_USAGE = YES_ERROR;
				CLANG_WARN_DOCUMENTATION_COMMENTS = YES;
				CLANG_WARN_EMPTY_BODY = YES;
				CLANG_WARN_ENUM_CONVERSION = YES;
				CLANG_WARN_INFINITE_RECURSION = YES;
				CLANG_WARN_INT_CONVERSION = YES;
				CLANG_WARN_NON_LITERAL_NULL_CONVERSION = YES;
				CLANG_WARN_OBJC_IMPLICIT_RETAIN_SELF = YES;
				CLANG_WARN_OBJC_LITERAL_CONVERSION = YES;
				CLANG_WARN_OBJC_ROOT_CLASS = YES_ERROR;
				CLANG_WARN_QUOTED_INCLUDE_IN_FRAMEWORK_HEADER = YES;
				CLANG_WARN_RANGE_LOOP_ANALYSIS = YES;
				CLANG_WARN_STRICT_PROTOTYPES = YES;
				CLANG_WARN_SUSPICIOUS_MOVE = YES;
				CLANG_WARN_UNGUARDED_AVAILABILITY = YES_AGGRESSIVE;
				CLANG_WARN_UNREACHABLE_CODE = YES;
				CLANG_WARN__DUPLICATE_METHOD_MATCH = YES;
				COPY_PHASE_STRIP = NO;
				DEBUG_INFORMATION_FORMAT = dwarf;
				ENABLE_STRICT_OBJC_MSGSEND = YES;
				ENABLE_TESTABILITY = YES;
				GCC_C_LANGUAGE_STANDARD = gnu11;
				GCC_DYNAMIC_NO_PIC = NO;
				GCC_NO_COMMON_BLOCKS = YES;
				GCC_OPTIMIZATION_LEVEL = 0;
				GCC_PREPROCESSOR_DEFINITIONS = (
					"DEBUG=1",
					"$(inherited)",
				);
				GCC_WARN_64_TO_32_BIT_CONVERSION = YES;
				GCC_WARN_ABOUT_RETURN_TYPE = YES_ERROR;
				GCC_WARN_UNDECLARED_SELECTOR = YES;
				GCC_WARN_UNINITIALIZED_AUTOS = YES_AGGRESSIVE;
				GCC_WARN_UNUSED_FUNCTION = YES;
				GCC_WARN_UNUSED_VARIABLE = YES;
				IPHONEOS_DEPLOYMENT_TARGET = 13.2;
				MTL_ENABLE_DEBUG_INFO = INCLUDE_SOURCE;
				MTL_FAST_MATH = YES;
				ONLY_ACTIVE_ARCH = YES;
				SDKROOT = iphoneos;
				SWIFT_ACTIVE_COMPILATION_CONDITIONS = DEBUG;
				SWIFT_OPTIMIZATION_LEVEL = "-Onone";
			};
			name = Debug;
		};
		CF00A66A240328CD00AA780D /* Release */ = {
			isa = XCBuildConfiguration;
			buildSettings = {
				ALWAYS_SEARCH_USER_PATHS = NO;
				CLANG_ANALYZER_NONNULL = YES;
				CLANG_ANALYZER_NUMBER_OBJECT_CONVERSION = YES_AGGRESSIVE;
				CLANG_CXX_LANGUAGE_STANDARD = "gnu++14";
				CLANG_CXX_LIBRARY = "libc++";
				CLANG_ENABLE_MODULES = YES;
				CLANG_ENABLE_OBJC_ARC = YES;
				CLANG_ENABLE_OBJC_WEAK = YES;
				CLANG_WARN_BLOCK_CAPTURE_AUTORELEASING = YES;
				CLANG_WARN_BOOL_CONVERSION = YES;
				CLANG_WARN_COMMA = YES;
				CLANG_WARN_CONSTANT_CONVERSION = YES;
				CLANG_WARN_DEPRECATED_OBJC_IMPLEMENTATIONS = YES;
				CLANG_WARN_DIRECT_OBJC_ISA_USAGE = YES_ERROR;
				CLANG_WARN_DOCUMENTATION_COMMENTS = YES;
				CLANG_WARN_EMPTY_BODY = YES;
				CLANG_WARN_ENUM_CONVERSION = YES;
				CLANG_WARN_INFINITE_RECURSION = YES;
				CLANG_WARN_INT_CONVERSION = YES;
				CLANG_WARN_NON_LITERAL_NULL_CONVERSION = YES;
				CLANG_WARN_OBJC_IMPLICIT_RETAIN_SELF = YES;
				CLANG_WARN_OBJC_LITERAL_CONVERSION = YES;
				CLANG_WARN_OBJC_ROOT_CLASS = YES_ERROR;
				CLANG_WARN_QUOTED_INCLUDE_IN_FRAMEWORK_HEADER = YES;
				CLANG_WARN_RANGE_LOOP_ANALYSIS = YES;
				CLANG_WARN_STRICT_PROTOTYPES = YES;
				CLANG_WARN_SUSPICIOUS_MOVE = YES;
				CLANG_WARN_UNGUARDED_AVAILABILITY = YES_AGGRESSIVE;
				CLANG_WARN_UNREACHABLE_CODE = YES;
				CLANG_WARN__DUPLICATE_METHOD_MATCH = YES;
				COPY_PHASE_STRIP = NO;
				DEBUG_INFORMATION_FORMAT = "dwarf-with-dsym";
				ENABLE_NS_ASSERTIONS = NO;
				ENABLE_STRICT_OBJC_MSGSEND = YES;
				GCC_C_LANGUAGE_STANDARD = gnu11;
				GCC_NO_COMMON_BLOCKS = YES;
				GCC_WARN_64_TO_32_BIT_CONVERSION = YES;
				GCC_WARN_ABOUT_RETURN_TYPE = YES_ERROR;
				GCC_WARN_UNDECLARED_SELECTOR = YES;
				GCC_WARN_UNINITIALIZED_AUTOS = YES_AGGRESSIVE;
				GCC_WARN_UNUSED_FUNCTION = YES;
				GCC_WARN_UNUSED_VARIABLE = YES;
				IPHONEOS_DEPLOYMENT_TARGET = 13.2;
				MTL_ENABLE_DEBUG_INFO = NO;
				MTL_FAST_MATH = YES;
				SDKROOT = iphoneos;
				SWIFT_COMPILATION_MODE = wholemodule;
				SWIFT_OPTIMIZATION_LEVEL = "-O";
				VALIDATE_PRODUCT = YES;
			};
			name = Release;
		};
		CF00A66C240328CD00AA780D /* Debug */ = {
			isa = XCBuildConfiguration;
			buildSettings = {
				ASSETCATALOG_COMPILER_APPICON_NAME = AppIcon;
				CODE_SIGN_STYLE = Automatic;
				DEVELOPMENT_TEAM = HJ3N23F853;
				INFOPLIST_FILE = "Tip Calculator/Info.plist";
				LD_RUNPATH_SEARCH_PATHS = (
					"$(inherited)",
					"@executable_path/Frameworks",
				);
				PRODUCT_BUNDLE_IDENTIFIER = "com.shane.talbert1-gmail.com.Tip-Calculator";
				PRODUCT_NAME = "$(TARGET_NAME)";
				SWIFT_VERSION = 5.0;
				TARGETED_DEVICE_FAMILY = 1;
			};
			name = Debug;
		};
		CF00A66D240328CD00AA780D /* Release */ = {
			isa = XCBuildConfiguration;
			buildSettings = {
				ASSETCATALOG_COMPILER_APPICON_NAME = AppIcon;
				CODE_SIGN_STYLE = Automatic;
				DEVELOPMENT_TEAM = HJ3N23F853;
				INFOPLIST_FILE = "Tip Calculator/Info.plist";
				LD_RUNPATH_SEARCH_PATHS = (
					"$(inherited)",
					"@executable_path/Frameworks",
				);
				PRODUCT_BUNDLE_IDENTIFIER = "com.shane.talbert1-gmail.com.Tip-Calculator";
				PRODUCT_NAME = "$(TARGET_NAME)";
				SWIFT_VERSION = 5.0;
				TARGETED_DEVICE_FAMILY = 1;
			};
			name = Release;
		};
/* End XCBuildConfiguration section */

/* Begin XCConfigurationList section */
		CF00A652240328CB00AA780D /* Build configuration list for PBXProject "Tip Calculator" */ = {
			isa = XCConfigurationList;
			buildConfigurations = (
				CF00A669240328CD00AA780D /* Debug */,
				CF00A66A240328CD00AA780D /* Release */,
			);
			defaultConfigurationIsVisible = 0;
			defaultConfigurationName = Release;
		};
		CF00A66B240328CD00AA780D /* Build configuration list for PBXNativeTarget "Tip Calculator" */ = {
			isa = XCConfigurationList;
			buildConfigurations = (
				CF00A66C240328CD00AA780D /* Debug */,
				CF00A66D240328CD00AA780D /* Release */,
			);
			defaultConfigurationIsVisible = 0;
			defaultConfigurationName = Release;
		};
/* End XCConfigurationList section */
	};
	rootObject = CF00A64F240328CB00AA780D /* Project object */;
}
